github.com/Motmedel/utils_go v0.0.132 h1:Ss7sVvHi55D3PSwUBR8TzcI46IlmB8zzqZ2HB23aHxg=
github.com/Motmedel/utils_go v0.0.132/go.mod h1:3Wry5+hEGzgzLRcBdpU8uhUUSAVJB7NzILiM7i1t7g4=
github.com/Motmedel/utils_go v0.0.133 h1:Ii+EQY2x7s0z9f2GS3W9CbwfBwFFOqu7heOtb2J+/Pc=
github.com/Motmedel/utils_go v0.0.133/go.mod h1:3Wry5+hEGzgzLRcBdpU8uhUUSAVJB7NzILiM7i1t7g4=
